
Microsoft Visual Studio Solution File, Format Version 12.00
# Visual Studio Version 16
VisualStudioVersion = 16.0.30709.132
MinimumVisualStudioVersion = 10.0.40219.1
Project("{FAE04EC0-301F-11D3-BF4B-00C04F79EFBC}") = "mssDashboard", "mssDashboard\mssDashboard.csproj", "{A5F776A2-78A7-457A-9AAE-4203DB3AF884}"
EndProject
Project("{FAE04EC0-301F-11D3-BF4B-00C04F79EFBC}") = "dbAPI", "dbAPI\dbAPI.csproj", "{BF12F264-B3A0-4D4A-B909-A1B341AD2C75}"
EndProject
Global
	GlobalSection(SolutionConfigurationPlatforms) = preSolution
		Debug|Any CPU = Debug|Any CPU
		Release|Any CPU = Release|Any CPU
	EndGlobalSection
	GlobalSection(ProjectConfigurationPlatforms) = postSolution
		{A5F776A2-78A7-457A-9AAE-4203DB3AF884}.Debug|Any CPU.ActiveCfg = Debug|Any CPU
		{A5F776A2-78A7-457A-9AAE-4203DB3AF884}.Debug|Any CPU.Build.0 = Debug|Any CPU
		{A5F776A2-78A7-457A-9AAE-4203DB3AF884}.Release|Any CPU.ActiveCfg = Release|Any CPU
		{A5F776A2-78A7-457A-9AAE-4203DB3AF884}.Release|Any CPU.Build.0 = Release|Any CPU
		{BF12F264-B3A0-4D4A-B909-A1B341AD2C75}.Debug|Any CPU.ActiveCfg = Debug|Any CPU
		{BF12F264-B3A0-4D4A-B909-A1B341AD2C75}.Debug|Any CPU.Build.0 = Debug|Any CPU
		{BF12F264-B3A0-4D4A-B909-A1B341AD2C75}.Release|Any CPU.ActiveCfg = Release|Any CPU
		{BF12F264-B3A0-4D4A-B909-A1B341AD2C75}.Release|Any CPU.Build.0 = Release|Any CPU
	EndGlobalSection
	GlobalSection(SolutionProperties) = preSolution
		HideSolutionNode = FALSE
	EndGlobalSection
	GlobalSection(ExtensibilityGlobals) = postSolution
		SolutionGuid = {7160A666-7470-46D5-AB79-4B53F1F1D871}
	EndGlobalSection
EndGlobal
